// !$*UTF8*$!
{
	archiveVersion = 1;
	classes = {
	};
	objectVersion = 45;
	objects = {

/* Begin PBXBuildFile section */
		1D3623260D0F684500981E51 /* fit_checkerAppDelegate.m in Sources */ = {isa = PBXBuildFile; fileRef = 1D3623250D0F684500981E51 /* fit_checkerAppDelegate.m */; };
		1D60589B0D05DD56006BFB54 /* main.m in Sources */ = {isa = PBXBuildFile; fileRef = 29B97316FDCFA39411CA2CEA /* main.m */; };
		1D60589F0D05DD5A006BFB54 /* Foundation.framework in Frameworks */ = {isa = PBXBuildFile; fileRef = 1D30AB110D05D00D00671497 /* Foundation.framework */; };
		1DF5F4E00D08C38300B7A737 /* UIKit.framework in Frameworks */ = {isa = PBXBuildFile; fileRef = 1DF5F4DF0D08C38300B7A737 /* UIKit.framework */; };
		288765080DF74369002DB57D /* CoreGraphics.framework in Frameworks */ = {isa = PBXBuildFile; fileRef = 288765070DF74369002DB57D /* CoreGraphics.framework */; };
		B458408F12CC26F300979942 /* AddCourse.m in Sources */ = {isa = PBXBuildFile; fileRef = B458408D12CC26F300979942 /* AddCourse.m */; };
		B458419C12CC335500979942 /* LoginController.m in Sources */ = {isa = PBXBuildFile; fileRef = B458419A12CC335500979942 /* LoginController.m */; };
		B458426212CC3E1800979942 /* MainViewController.m in Sources */ = {isa = PBXBuildFile; fileRef = B458426012CC3E1800979942 /* MainViewController.m */; };
		B458429012CC3FF300979942 /* QuartzCore.framework in Frameworks */ = {isa = PBXBuildFile; fileRef = B458428F12CC3FF300979942 /* QuartzCore.framework */; };
		B458447C12CC57B500979942 /* DetailController.m in Sources */ = {isa = PBXBuildFile; fileRef = B458447A12CC57B500979942 /* DetailController.m */; };
		B47DFFD41401C71700CA7F6E /* 13-target.png in Resources */ = {isa = PBXBuildFile; fileRef = B47DFFB61401C71700CA7F6E /* 13-target.png */; };
		B47DFFD51401C71700CA7F6E /* 140-gradhat.png in Resources */ = {isa = PBXBuildFile; fileRef = B47DFFB71401C71700CA7F6E /* 140-gradhat.png */; };
		B47DFFD61401C71700CA7F6E /* 16-line-chart.png in Resources */ = {isa = PBXBuildFile; fileRef = B47DFFB81401C71700CA7F6E /* 16-line-chart.png */; };
		B47DFFD71401C71700CA7F6E /* blueArrow.png in Resources */ = {isa = PBXBuildFile; fileRef = B47DFFB91401C71700CA7F6E /* blueArrow.png */; };
		B47DFFD81401C71700CA7F6E /* blueArrow@2x.png in Resources */ = {isa = PBXBuildFile; fileRef = B47DFFBA1401C71700CA7F6E /* blueArrow@2x.png */; };
		B47DFFD91401C71700CA7F6E /* cvut-logo-inverzni-364x275.jpg in Resources */ = {isa = PBXBuildFile; fileRef = B47DFFBB1401C71700CA7F6E /* cvut-logo-inverzni-364x275.jpg */; };
		B47DFFDA1401C71700CA7F6E /* DarkBackground.png in Resources */ = {isa = PBXBuildFile; fileRef = B47DFFBC1401C71700CA7F6E /* DarkBackground.png */; };
		B47DFFDB1401C71700CA7F6E /* Icon-72.png in Resources */ = {isa = PBXBuildFile; fileRef = B47DFFBD1401C71700CA7F6E /* Icon-72.png */; };
		B47DFFDC1401C71700CA7F6E /* Icon-Small-50.png in Resources */ = {isa = PBXBuildFile; fileRef = B47DFFBE1401C71700CA7F6E /* Icon-Small-50.png */; };
		B47DFFDD1401C71700CA7F6E /* Icon-Small.png in Resources */ = {isa = PBXBuildFile; fileRef = B47DFFBF1401C71700CA7F6E /* Icon-Small.png */; };
		B47DFFDE1401C71700CA7F6E /* Icon-Small@2x.png in Resources */ = {isa = PBXBuildFile; fileRef = B47DFFC01401C71700CA7F6E /* Icon-Small@2x.png */; };
		B47DFFDF1401C71700CA7F6E /* Icon.png in Resources */ = {isa = PBXBuildFile; fileRef = B47DFFC11401C71700CA7F6E /* Icon.png */; };
		B47DFFE01401C71700CA7F6E /* Icon@2x.png in Resources */ = {isa = PBXBuildFile; fileRef = B47DFFC21401C71700CA7F6E /* Icon@2x.png */; };
		B47DFFE11401C71700CA7F6E /* itunes.png in Resources */ = {isa = PBXBuildFile; fileRef = B47DFFC31401C71700CA7F6E /* itunes.png */; };
		B47DFFE21401C71700CA7F6E /* ItunesArtwork.png in Resources */ = {isa = PBXBuildFile; fileRef = B47DFFC41401C71700CA7F6E /* ItunesArtwork.png */; };
		B47DFFE31401C71700CA7F6E /* LightBackground.png in Resources */ = {isa = PBXBuildFile; fileRef = B47DFFC51401C71700CA7F6E /* LightBackground.png */; };
		B47DFFE41401C71700CA7F6E /* sp-bg.png in Resources */ = {isa = PBXBuildFile; fileRef = B47DFFC61401C71700CA7F6E /* sp-bg.png */; };
		B47DFFE51401C71700CA7F6E /* about.xib in Resources */ = {isa = PBXBuildFile; fileRef = B47DFFC81401C71700CA7F6E /* about.xib */; };
		B47DFFE61401C71700CA7F6E /* AboutTab.xib in Resources */ = {isa = PBXBuildFile; fileRef = B47DFFC91401C71700CA7F6E /* AboutTab.xib */; };
		B47DFFE71401C71700CA7F6E /* AddCourse.xib in Resources */ = {isa = PBXBuildFile; fileRef = B47DFFCA1401C71700CA7F6E /* AddCourse.xib */; };
		B47DFFE81401C71700CA7F6E /* DetailCell.xib in Resources */ = {isa = PBXBuildFile; fileRef = B47DFFCB1401C71700CA7F6E /* DetailCell.xib */; };
		B47DFFE91401C71700CA7F6E /* DetailController.xib in Resources */ = {isa = PBXBuildFile; fileRef = B47DFFCC1401C71700CA7F6E /* DetailController.xib */; };
		B47DFFEB1401C71700CA7F6E /* LoginController.xib in Resources */ = {isa = PBXBuildFile; fileRef = B47DFFCE1401C71700CA7F6E /* LoginController.xib */; };
		B47DFFEC1401C71700CA7F6E /* MainViewController.xib in Resources */ = {isa = PBXBuildFile; fileRef = B47DFFCF1401C71700CA7F6E /* MainViewController.xib */; };
		B47DFFED1401C71700CA7F6E /* MainWindow.xib in Resources */ = {isa = PBXBuildFile; fileRef = B47DFFD01401C71700CA7F6E /* MainWindow.xib */; };
		B47DFFEE1401C71700CA7F6E /* SecondView.xib in Resources */ = {isa = PBXBuildFile; fileRef = B47DFFD11401C71700CA7F6E /* SecondView.xib */; };
		B47DFFEF1401C71700CA7F6E /* Spinner.xib in Resources */ = {isa = PBXBuildFile; fileRef = B47DFFD21401C71700CA7F6E /* Spinner.xib */; };
		B47DFFF01401C71700CA7F6E /* treti.xib in Resources */ = {isa = PBXBuildFile; fileRef = B47DFFD31401C71700CA7F6E /* treti.xib */; };
		B4B7A3241401D7E1001CAC6B /* SettingsController.m in Sources */ = {isa = PBXBuildFile; fileRef = B4B7A3221401D7E1001CAC6B /* SettingsController.m */; };
		B4F6F31912CCF92600BAC4E3 /* DetailCell.m in Sources */ = {isa = PBXBuildFile; fileRef = B4F6F31812CCF92600BAC4E3 /* DetailCell.m */; };
/* End PBXBuildFile section */

/* Begin PBXFileReference section */
		1D30AB110D05D00D00671497 /* Foundation.framework */ = {isa = PBXFileReference; lastKnownFileType = wrapper.framework; name = Foundation.framework; path = System/Library/Frameworks/Foundation.framework; sourceTree = SDKROOT; };
		1D3623240D0F684500981E51 /* fit_checkerAppDelegate.h */ = {isa = PBXFileReference; fileEncoding = 4; lastKnownFileType = sourcecode.c.h; path = fit_checkerAppDelegate.h; sourceTree = "<group>"; };
		1D3623250D0F684500981E51 /* fit_checkerAppDelegate.m */ = {isa = PBXFileReference; fileEncoding = 4; lastKnownFileType = sourcecode.c.objc; path = fit_checkerAppDelegate.m; sourceTree = "<group>"; };
		1DF5F4DF0D08C38300B7A737 /* UIKit.framework */ = {isa = PBXFileReference; lastKnownFileType = wrapper.framework; name = UIKit.framework; path = System/Library/Frameworks/UIKit.framework; sourceTree = SDKROOT; };
		288765070DF74369002DB57D /* CoreGraphics.framework */ = {isa = PBXFileReference; lastKnownFileType = wrapper.framework; name = CoreGraphics.framework; path = System/Library/Frameworks/CoreGraphics.framework; sourceTree = SDKROOT; };
		28A0AB4B0D9B1048005BE974 /* fit_checker_Prefix.pch */ = {isa = PBXFileReference; fileEncoding = 4; lastKnownFileType = sourcecode.c.h; path = fit_checker_Prefix.pch; sourceTree = "<group>"; };
		29B97316FDCFA39411CA2CEA /* main.m */ = {isa = PBXFileReference; fileEncoding = 4; lastKnownFileType = sourcecode.c.objc; path = main.m; sourceTree = "<group>"; };
		8D1107310486CEB800E47090 /* fit_checker-Info.plist */ = {isa = PBXFileReference; fileEncoding = 4; lastKnownFileType = text.plist.xml; path = "fit_checker-Info.plist"; plistStructureDefinitionIdentifier = "com.apple.xcode.plist.structure-definition.iphone.info-plist"; sourceTree = "<group>"; };
		B458408C12CC26F300979942 /* AddCourse.h */ = {isa = PBXFileReference; fileEncoding = 4; lastKnownFileType = sourcecode.c.h; path = AddCourse.h; sourceTree = "<group>"; };
		B458408D12CC26F300979942 /* AddCourse.m */ = {isa = PBXFileReference; fileEncoding = 4; lastKnownFileType = sourcecode.c.objc; path = AddCourse.m; sourceTree = "<group>"; };
		B458419912CC335500979942 /* LoginController.h */ = {isa = PBXFileReference; fileEncoding = 4; lastKnownFileType = sourcecode.c.h; path = LoginController.h; sourceTree = "<group>"; };
		B458419A12CC335500979942 /* LoginController.m */ = {isa = PBXFileReference; fileEncoding = 4; lastKnownFileType = sourcecode.c.objc; path = LoginController.m; sourceTree = "<group>"; };
		B458425F12CC3E1800979942 /* MainViewController.h */ = {isa = PBXFileReference; fileEncoding = 4; lastKnownFileType = sourcecode.c.h; path = MainViewController.h; sourceTree = "<group>"; };
		B458426012CC3E1800979942 /* MainViewController.m */ = {isa = PBXFileReference; fileEncoding = 4; lastKnownFileType = sourcecode.c.objc; path = MainViewController.m; sourceTree = "<group>"; };
		B458428F12CC3FF300979942 /* QuartzCore.framework */ = {isa = PBXFileReference; lastKnownFileType = wrapper.framework; name = QuartzCore.framework; path = System/Library/Frameworks/QuartzCore.framework; sourceTree = SDKROOT; };
		B458429112CC3FF400979942 /* fit-checker.app */ = {isa = PBXFileReference; explicitFileType = wrapper.application; includeInIndex = 0; path = "fit-checker.app"; sourceTree = BUILT_PRODUCTS_DIR; };
		B458447912CC57B500979942 /* DetailController.h */ = {isa = PBXFileReference; fileEncoding = 4; lastKnownFileType = sourcecode.c.h; path = DetailController.h; sourceTree = "<group>"; };
		B458447A12CC57B500979942 /* DetailController.m */ = {isa = PBXFileReference; fileEncoding = 4; lastKnownFileType = sourcecode.c.objc; path = DetailController.m; sourceTree = "<group>"; };
		B47DFFB61401C71700CA7F6E /* 13-target.png */ = {isa = PBXFileReference; lastKnownFileType = image.png; path = "13-target.png"; sourceTree = "<group>"; };
		B47DFFB71401C71700CA7F6E /* 140-gradhat.png */ = {isa = PBXFileReference; lastKnownFileType = image.png; path = "140-gradhat.png"; sourceTree = "<group>"; };
		B47DFFB81401C71700CA7F6E /* 16-line-chart.png */ = {isa = PBXFileReference; lastKnownFileType = image.png; path = "16-line-chart.png"; sourceTree = "<group>"; };
		B47DFFB91401C71700CA7F6E /* blueArrow.png */ = {isa = PBXFileReference; lastKnownFileType = image.png; path = blueArrow.png; sourceTree = "<group>"; };
		B47DFFBA1401C71700CA7F6E /* blueArrow@2x.png */ = {isa = PBXFileReference; lastKnownFileType = image.png; path = "blueArrow@2x.png"; sourceTree = "<group>"; };
		B47DFFBB1401C71700CA7F6E /* cvut-logo-inverzni-364x275.jpg */ = {isa = PBXFileReference; lastKnownFileType = image.jpeg; path = "cvut-logo-inverzni-364x275.jpg"; sourceTree = "<group>"; };
		B47DFFBC1401C71700CA7F6E /* DarkBackground.png */ = {isa = PBXFileReference; lastKnownFileType = image.png; path = DarkBackground.png; sourceTree = "<group>"; };
		B47DFFBD1401C71700CA7F6E /* Icon-72.png */ = {isa = PBXFileReference; lastKnownFileType = image.png; path = "Icon-72.png"; sourceTree = "<group>"; };
		B47DFFBE1401C71700CA7F6E /* Icon-Small-50.png */ = {isa = PBXFileReference; lastKnownFileType = image.png; path = "Icon-Small-50.png"; sourceTree = "<group>"; };
		B47DFFBF1401C71700CA7F6E /* Icon-Small.png */ = {isa = PBXFileReference; lastKnownFileType = image.png; path = "Icon-Small.png"; sourceTree = "<group>"; };
		B47DFFC01401C71700CA7F6E /* Icon-Small@2x.png */ = {isa = PBXFileReference; lastKnownFileType = image.png; path = "Icon-Small@2x.png"; sourceTree = "<group>"; };
		B47DFFC11401C71700CA7F6E /* Icon.png */ = {isa = PBXFileReference; lastKnownFileType = image.png; path = Icon.png; sourceTree = "<group>"; };
		B47DFFC21401C71700CA7F6E /* Icon@2x.png */ = {isa = PBXFileReference; lastKnownFileType = image.png; path = "Icon@2x.png"; sourceTree = "<group>"; };
		B47DFFC31401C71700CA7F6E /* itunes.png */ = {isa = PBXFileReference; lastKnownFileType = image.png; path = itunes.png; sourceTree = "<group>"; };
		B47DFFC41401C71700CA7F6E /* ItunesArtwork.png */ = {isa = PBXFileReference; lastKnownFileType = image.png; path = ItunesArtwork.png; sourceTree = "<group>"; };
		B47DFFC51401C71700CA7F6E /* LightBackground.png */ = {isa = PBXFileReference; lastKnownFileType = image.png; path = LightBackground.png; sourceTree = "<group>"; };
		B47DFFC61401C71700CA7F6E /* sp-bg.png */ = {isa = PBXFileReference; lastKnownFileType = image.png; path = "sp-bg.png"; sourceTree = "<group>"; };
		B47DFFC81401C71700CA7F6E /* about.xib */ = {isa = PBXFileReference; fileEncoding = 4; lastKnownFileType = file.xib; path = about.xib; sourceTree = "<group>"; };
		B47DFFC91401C71700CA7F6E /* AboutTab.xib */ = {isa = PBXFileReference; fileEncoding = 4; lastKnownFileType = file.xib; path = AboutTab.xib; sourceTree = "<group>"; };
		B47DFFCA1401C71700CA7F6E /* AddCourse.xib */ = {isa = PBXFileReference; fileEncoding = 4; lastKnownFileType = file.xib; path = AddCourse.xib; sourceTree = "<group>"; };
		B47DFFCB1401C71700CA7F6E /* DetailCell.xib */ = {isa = PBXFileReference; fileEncoding = 4; lastKnownFileType = file.xib; path = DetailCell.xib; sourceTree = "<group>"; };
		B47DFFCC1401C71700CA7F6E /* DetailController.xib */ = {isa = PBXFileReference; fileEncoding = 4; lastKnownFileType = file.xib; path = DetailController.xib; sourceTree = "<group>"; };
		B47DFFCE1401C71700CA7F6E /* LoginController.xib */ = {isa = PBXFileReference; fileEncoding = 4; lastKnownFileType = file.xib; path = LoginController.xib; sourceTree = "<group>"; };
		B47DFFCF1401C71700CA7F6E /* MainViewController.xib */ = {isa = PBXFileReference; fileEncoding = 4; lastKnownFileType = file.xib; path = MainViewController.xib; sourceTree = "<group>"; };
		B47DFFD01401C71700CA7F6E /* MainWindow.xib */ = {isa = PBXFileReference; fileEncoding = 4; lastKnownFileType = file.xib; path = MainWindow.xib; sourceTree = "<group>"; };
		B47DFFD11401C71700CA7F6E /* SecondView.xib */ = {isa = PBXFileReference; fileEncoding = 4; lastKnownFileType = file.xib; path = SecondView.xib; sourceTree = "<group>"; };
		B47DFFD21401C71700CA7F6E /* Spinner.xib */ = {isa = PBXFileReference; fileEncoding = 4; lastKnownFileType = file.xib; path = Spinner.xib; sourceTree = "<group>"; };
		B47DFFD31401C71700CA7F6E /* treti.xib */ = {isa = PBXFileReference; fileEncoding = 4; lastKnownFileType = file.xib; path = treti.xib; sourceTree = "<group>"; };
		B4B7A3221401D7E1001CAC6B /* SettingsController.m */ = {isa = PBXFileReference; fileEncoding = 4; lastKnownFileType = sourcecode.c.objc; path = SettingsController.m; sourceTree = "<group>"; };
		B4B7A3231401D7E1001CAC6B /* SettingsController.h */ = {isa = PBXFileReference; fileEncoding = 4; lastKnownFileType = sourcecode.c.h; path = SettingsController.h; sourceTree = "<group>"; };
		B4F6F31712CCF92600BAC4E3 /* DetailCell.h */ = {isa = PBXFileReference; fileEncoding = 4; lastKnownFileType = sourcecode.c.h; path = DetailCell.h; sourceTree = "<group>"; };
		B4F6F31812CCF92600BAC4E3 /* DetailCell.m */ = {isa = PBXFileReference; fileEncoding = 4; lastKnownFileType = sourcecode.c.objc; path = DetailCell.m; sourceTree = "<group>"; };
/* End PBXFileReference section */

/* Begin PBXFrameworksBuildPhase section */
		1D60588F0D05DD3D006BFB54 /* Frameworks */ = {
			isa = PBXFrameworksBuildPhase;
			buildActionMask = 2147483647;
			files = (
				1D60589F0D05DD5A006BFB54 /* Foundation.framework in Frameworks */,
				1DF5F4E00D08C38300B7A737 /* UIKit.framework in Frameworks */,
				288765080DF74369002DB57D /* CoreGraphics.framework in Frameworks */,
				B458429012CC3FF300979942 /* QuartzCore.framework in Frameworks */,
			);
			runOnlyForDeploymentPostprocessing = 0;
		};
/* End PBXFrameworksBuildPhase section */

/* Begin PBXGroup section */
		080E96DDFE201D6D7F000001 /* Classes */ = {
			isa = PBXGroup;
			children = (
				B4B7A3221401D7E1001CAC6B /* SettingsController.m */,
				B4B7A3231401D7E1001CAC6B /* SettingsController.h */,
				B458447912CC57B500979942 /* DetailController.h */,
				B458447A12CC57B500979942 /* DetailController.m */,
				B458419912CC335500979942 /* LoginController.h */,
				B458419A12CC335500979942 /* LoginController.m */,
				1D3623240D0F684500981E51 /* fit_checkerAppDelegate.h */,
				1D3623250D0F684500981E51 /* fit_checkerAppDelegate.m */,
				B458408C12CC26F300979942 /* AddCourse.h */,
				B458408D12CC26F300979942 /* AddCourse.m */,
				B458425F12CC3E1800979942 /* MainViewController.h */,
				B458426012CC3E1800979942 /* MainViewController.m */,
				B458424E12CC3D1700979942 /* View */,
			);
			path = Classes;
			sourceTree = "<group>";
		};
		19C28FACFE9D520D11CA2CBB /* Products */ = {
			isa = PBXGroup;
			children = (
				B458429112CC3FF400979942 /* fit-checker.app */,
			);
			name = Products;
			sourceTree = "<group>";
		};
		29B97314FDCFA39411CA2CEA /* fit-checker */ = {
			isa = PBXGroup;
			children = (
				080E96DDFE201D6D7F000001 /* Classes */,
				29B97315FDCFA39411CA2CEA /* Other Sources */,
				B47DFFC71401C71700CA7F6E /* Nibs */,
				29B97317FDCFA39411CA2CEA /* Resources */,
				29B97323FDCFA39411CA2CEA /* Frameworks */,
				19C28FACFE9D520D11CA2CBB /* Products */,
				B458428F12CC3FF300979942 /* QuartzCore.framework */,
			);
			name = "fit-checker";
			sourceTree = "<group>";
		};
		29B97315FDCFA39411CA2CEA /* Other Sources */ = {
			isa = PBXGroup;
			children = (
				28A0AB4B0D9B1048005BE974 /* fit_checker_Prefix.pch */,
				29B97316FDCFA39411CA2CEA /* main.m */,
			);
			name = "Other Sources";
			sourceTree = "<group>";
		};
		29B97317FDCFA39411CA2CEA /* Resources */ = {
			isa = PBXGroup;
			children = (
				B47DFFB51401C71700CA7F6E /* images */,
				8D1107310486CEB800E47090 /* fit_checker-Info.plist */,
			);
			name = Resources;
			sourceTree = "<group>";
		};
		29B97323FDCFA39411CA2CEA /* Frameworks */ = {
			isa = PBXGroup;
			children = (
				1DF5F4DF0D08C38300B7A737 /* UIKit.framework */,
				1D30AB110D05D00D00671497 /* Foundation.framework */,
				288765070DF74369002DB57D /* CoreGraphics.framework */,
			);
			name = Frameworks;
			sourceTree = "<group>";
		};
		B458424E12CC3D1700979942 /* View */ = {
			isa = PBXGroup;
			children = (
				B4F6F31612CCF8F300BAC4E3 /* DetailCell */,
			);
			name = View;
			path = ../View;
			sourceTree = "<group>";
		};
		B47DFFB51401C71700CA7F6E /* images */ = {
			isa = PBXGroup;
			children = (
				B47DFFB61401C71700CA7F6E /* 13-target.png */,
				B47DFFB71401C71700CA7F6E /* 140-gradhat.png */,
				B47DFFB81401C71700CA7F6E /* 16-line-chart.png */,
				B47DFFB91401C71700CA7F6E /* blueArrow.png */,
				B47DFFBA1401C71700CA7F6E /* blueArrow@2x.png */,
				B47DFFBB1401C71700CA7F6E /* cvut-logo-inverzni-364x275.jpg */,
				B47DFFBC1401C71700CA7F6E /* DarkBackground.png */,
				B47DFFBD1401C71700CA7F6E /* Icon-72.png */,
				B47DFFBE1401C71700CA7F6E /* Icon-Small-50.png */,
				B47DFFBF1401C71700CA7F6E /* Icon-Small.png */,
				B47DFFC01401C71700CA7F6E /* Icon-Small@2x.png */,
				B47DFFC11401C71700CA7F6E /* Icon.png */,
				B47DFFC21401C71700CA7F6E /* Icon@2x.png */,
				B47DFFC31401C71700CA7F6E /* itunes.png */,
				B47DFFC41401C71700CA7F6E /* ItunesArtwork.png */,
				B47DFFC51401C71700CA7F6E /* LightBackground.png */,
				B47DFFC61401C71700CA7F6E /* sp-bg.png */,
			);
			name = images;
			path = Resources;
			sourceTree = "<group>";
		};
		B47DFFC71401C71700CA7F6E /* Nibs */ = {
			isa = PBXGroup;
			children = (
				B47DFFC81401C71700CA7F6E /* about.xib */,
				B47DFFC91401C71700CA7F6E /* AboutTab.xib */,
				B47DFFCA1401C71700CA7F6E /* AddCourse.xib */,
				B47DFFCB1401C71700CA7F6E /* DetailCell.xib */,
				B47DFFCC1401C71700CA7F6E /* DetailController.xib */,
				B47DFFCE1401C71700CA7F6E /* LoginController.xib */,
				B47DFFCF1401C71700CA7F6E /* MainViewController.xib */,
				B47DFFD01401C71700CA7F6E /* MainWindow.xib */,
				B47DFFD11401C71700CA7F6E /* SecondView.xib */,
				B47DFFD21401C71700CA7F6E /* Spinner.xib */,
				B47DFFD31401C71700CA7F6E /* treti.xib */,
			);
			path = Nibs;
			sourceTree = "<group>";
		};
		B4F6F31612CCF8F300BAC4E3 /* DetailCell */ = {
			isa = PBXGroup;
			children = (
				B4F6F31712CCF92600BAC4E3 /* DetailCell.h */,
				B4F6F31812CCF92600BAC4E3 /* DetailCell.m */,
			);
			name = DetailCell;
			sourceTree = "<group>";
		};
/* End PBXGroup section */

/* Begin PBXNativeTarget section */
		1D6058900D05DD3D006BFB54 /* fit-checker */ = {
			isa = PBXNativeTarget;
			buildConfigurationList = 1D6058960D05DD3E006BFB54 /* Build configuration list for PBXNativeTarget "fit-checker" */;
			buildPhases = (
				1D60588D0D05DD3D006BFB54 /* Resources */,
				1D60588E0D05DD3D006BFB54 /* Sources */,
				1D60588F0D05DD3D006BFB54 /* Frameworks */,
			);
			buildRules = (
			);
			dependencies = (
			);
			name = "fit-checker";
			productName = "fit-checker";
			productReference = B458429112CC3FF400979942 /* fit-checker.app */;
			productType = "com.apple.product-type.application";
		};
/* End PBXNativeTarget section */

/* Begin PBXProject section */
		29B97313FDCFA39411CA2CEA /* Project object */ = {
			isa = PBXProject;
			buildConfigurationList = C01FCF4E08A954540054247B /* Build configuration list for PBXProject "fit-checker" */;
			compatibilityVersion = "Xcode 3.1";
			developmentRegion = English;
			hasScannedForEncodings = 1;
			knownRegions = (
				English,
				Japanese,
				French,
				German,
			);
			mainGroup = 29B97314FDCFA39411CA2CEA /* fit-checker */;
			projectDirPath = "";
			projectRoot = "";
			targets = (
				1D6058900D05DD3D006BFB54 /* fit-checker */,
			);
		};
/* End PBXProject section */

/* Begin PBXResourcesBuildPhase section */
		1D60588D0D05DD3D006BFB54 /* Resources */ = {
			isa = PBXResourcesBuildPhase;
			buildActionMask = 2147483647;
			files = (
				B47DFFD41401C71700CA7F6E /* 13-target.png in Resources */,
				B47DFFD51401C71700CA7F6E /* 140-gradhat.png in Resources */,
				B47DFFD61401C71700CA7F6E /* 16-line-chart.png in Resources */,
				B47DFFD71401C71700CA7F6E /* blueArrow.png in Resources */,
				B47DFFD81401C71700CA7F6E /* blueArrow@2x.png in Resources */,
				B47DFFD91401C71700CA7F6E /* cvut-logo-inverzni-364x275.jpg in Resources */,
				B47DFFDA1401C71700CA7F6E /* DarkBackground.png in Resources */,
				B47DFFDB1401C71700CA7F6E /* Icon-72.png in Resources */,
				B47DFFDC1401C71700CA7F6E /* Icon-Small-50.png in Resources */,
				B47DFFDD1401C71700CA7F6E /* Icon-Small.png in Resources */,
				B47DFFDE1401C71700CA7F6E /* Icon-Small@2x.png in Resources */,
				B47DFFDF1401C71700CA7F6E /* Icon.png in Resources */,
				B47DFFE01401C71700CA7F6E /* Icon@2x.png in Resources */,
				B47DFFE11401C71700CA7F6E /* itunes.png in Resources */,
				B47DFFE21401C71700CA7F6E /* ItunesArtwork.png in Resources */,
				B47DFFE31401C71700CA7F6E /* LightBackground.png in Resources */,
				B47DFFE41401C71700CA7F6E /* sp-bg.png in Resources */,
				B47DFFE51401C71700CA7F6E /* about.xib in Resources */,
				B47DFFE61401C71700CA7F6E /* AboutTab.xib in Resources */,
				B47DFFE71401C71700CA7F6E /* AddCourse.xib in Resources */,
				B47DFFE81401C71700CA7F6E /* DetailCell.xib in Resources */,
				B47DFFE91401C71700CA7F6E /* DetailController.xib in Resources */,
				B47DFFEB1401C71700CA7F6E /* LoginController.xib in Resources */,
				B47DFFEC1401C71700CA7F6E /* MainViewController.xib in Resources */,
				B47DFFED1401C71700CA7F6E /* MainWindow.xib in Resources */,
				B47DFFEE1401C71700CA7F6E /* SecondView.xib in Resources */,
				B47DFFEF1401C71700CA7F6E /* Spinner.xib in Resources */,
				B47DFFF01401C71700CA7F6E /* treti.xib in Resources */,
			);
			runOnlyForDeploymentPostprocessing = 0;
		};
/* End PBXResourcesBuildPhase section */

/* Begin PBXSourcesBuildPhase section */
		1D60588E0D05DD3D006BFB54 /* Sources */ = {
			isa = PBXSourcesBuildPhase;
			buildActionMask = 2147483647;
			files = (
				1D60589B0D05DD56006BFB54 /* main.m in Sources */,
				1D3623260D0F684500981E51 /* fit_checkerAppDelegate.m in Sources */,
				B458408F12CC26F300979942 /* AddCourse.m in Sources */,
				B458419C12CC335500979942 /* LoginController.m in Sources */,
				B458426212CC3E1800979942 /* MainViewController.m in Sources */,
				B458447C12CC57B500979942 /* DetailController.m in Sources */,
				B4F6F31912CCF92600BAC4E3 /* DetailCell.m in Sources */,
				B4B7A3241401D7E1001CAC6B /* SettingsController.m in Sources */,
			);
			runOnlyForDeploymentPostprocessing = 0;
		};
/* End PBXSourcesBuildPhase section */

/* Begin XCBuildConfiguration section */
		1D6058940D05DD3E006BFB54 /* Debug */ = {
			isa = XCBuildConfiguration;
			buildSettings = {
				ALWAYS_SEARCH_USER_PATHS = NO;
				COPY_PHASE_STRIP = NO;
				GCC_DYNAMIC_NO_PIC = NO;
				GCC_OPTIMIZATION_LEVEL = 0;
				GCC_PRECOMPILE_PREFIX_HEADER = YES;
				GCC_PREFIX_HEADER = fit_checker_Prefix.pch;
				INFOPLIST_FILE = "fit_checker-Info.plist";
				PRODUCT_NAME = "fit-checker";
				SDKROOT = iphoneos;
			};
			name = Debug;
		};
		1D6058950D05DD3E006BFB54 /* Release */ = {
			isa = XCBuildConfiguration;
			buildSettings = {
				ALWAYS_SEARCH_USER_PATHS = NO;
				COPY_PHASE_STRIP = YES;
				GCC_PRECOMPILE_PREFIX_HEADER = YES;
				GCC_PREFIX_HEADER = fit_checker_Prefix.pch;
				INFOPLIST_FILE = "fit_checker-Info.plist";
				PRODUCT_NAME = "fit-checker";
				SDKROOT = iphoneos;
				VALIDATE_PRODUCT = YES;
			};
			name = Release;
		};
		B45D3D9112D3BD6400C1C356 /* Distribution */ = {
			isa = XCBuildConfiguration;
			buildSettings = {
				ARCHS = "$(ARCHS_STANDARD_32_BIT)";
				"CODE_SIGN_IDENTITY[sdk=iphoneos*]" = "iPhone Distribution: Dominik Vesely";
				GCC_C_LANGUAGE_STANDARD = c99;
				GCC_WARN_ABOUT_RETURN_TYPE = YES;
				GCC_WARN_UNUSED_VARIABLE = YES;
				IPHONEOS_DEPLOYMENT_TARGET = 4.0;
				OTHER_CFLAGS = "-DNS_BLOCK_ASSERTIONS=1";
				PREBINDING = NO;
				"PROVISIONING_PROFILE[sdk=iphoneos*]" = "13774061-C682-4868-89D8-1EF5C370E2EA";
				SDKROOT = iphoneos4.1;
			};
			name = Distribution;
		};
		B45D3D9212D3BD6400C1C356 /* Distribution */ = {
			isa = XCBuildConfiguration;
			buildSettings = {
				ALWAYS_SEARCH_USER_PATHS = NO;
				COPY_PHASE_STRIP = YES;
				GCC_PRECOMPILE_PREFIX_HEADER = YES;
				GCC_PREFIX_HEADER = fit_checker_Prefix.pch;
				INFOPLIST_FILE = "fit_checker-Info.plist";
				IPHONEOS_DEPLOYMENT_TARGET = 4.0;
				PRODUCT_NAME = "fit-checker";
				SDKROOT = iphoneos;
				VALIDATE_PRODUCT = YES;
			};
			name = Distribution;
		};
		C01FCF4F08A954540054247B /* Debug */ = {
			isa = XCBuildConfiguration;
			buildSettings = {
				ARCHS = "$(ARCHS_STANDARD_32_BIT)";
				"CODE_SIGN_IDENTITY[sdk=iphoneos*]" = "iPhone Developer: Dominik Vesely (PK4JSKX78K)";
				GCC_C_LANGUAGE_STANDARD = c99;
				GCC_WARN_ABOUT_RETURN_TYPE = YES;
				GCC_WARN_UNUSED_VARIABLE = YES;
				PREBINDING = NO;
				"PROVISIONING_PROFILE[sdk=iphoneos*]" = "03F23C86-2F60-471B-8E92-4209B8A5FC78";
				SDKROOT = iphoneos4.1;
			};
			name = Debug;
		};
		C01FCF5008A954540054247B /* Release */ = {
			isa = XCBuildConfiguration;
			buildSettings = {
				ARCHS = "$(ARCHS_STANDARD_32_BIT)";
				"CODE_SIGN_IDENTITY[sdk=iphoneos*]" = "iPhone Developer: Dominik Vesely (PK4JSKX78K)";
				GCC_C_LANGUAGE_STANDARD = c99;
				GCC_WARN_ABOUT_RETURN_TYPE = YES;
				GCC_WARN_UNUSED_VARIABLE = YES;
				OTHER_CFLAGS = "-DNS_BLOCK_ASSERTIONS=1";
				PREBINDING = NO;
				"PROVISIONING_PROFILE[sdk=iphoneos*]" = "03F23C86-2F60-471B-8E92-4209B8A5FC78";
				SDKROOT = iphoneos4.1;
			};
			name = Release;
		};
/* End XCBuildConfiguration section */

/* Begin XCConfigurationList section */
		1D6058960D05DD3E006BFB54 /* Build configuration list for PBXNativeTarget "fit-checker" */ = {
			isa = XCConfigurationList;
			buildConfigurations = (
				1D6058940D05DD3E006BFB54 /* Debug */,
				1D6058950D05DD3E006BFB54 /* Release */,
				B45D3D9212D3BD6400C1C356 /* Distribution */,
			);
			defaultConfigurationIsVisible = 0;
			defaultConfigurationName = Release;
		};
		C01FCF4E08A954540054247B /* Build configuration list for PBXProject "fit-checker" */ = {
			isa = XCConfigurationList;
			buildConfigurations = (
				C01FCF4F08A954540054247B /* Debug */,
				C01FCF5008A954540054247B /* Release */,
				B45D3D9112D3BD6400C1C356 /* Distribution */,
			);
			defaultConfigurationIsVisible = 0;
			defaultConfigurationName = Release;
		};
/* End XCConfigurationList section */
	};
	rootObject = 29B97313FDCFA39411CA2CEA /* Project object */;
}
